
Microsoft Visual Studio Solution File, Format Version 12.00
# Visual Studio Version 16
VisualStudioVersion = 16.0.30413.136
MinimumVisualStudioVersion = 10.0.40219.1
Project("{FAE04EC0-301F-11D3-BF4B-00C04F79EFBC}") = "SocialSecurityNumber++", "SocialSecurityNumber++.csproj", "{9FBC3B5E-4010-4CC0-8AAD-3C11D9956806}"
EndProject
Global
	GlobalSection(SolutionConfigurationPlatforms) = preSolution
		Debug|Any CPU = Debug|Any CPU
		Release|Any CPU = Release|Any CPU
	EndGlobalSection
	GlobalSection(ProjectConfigurationPlatforms) = postSolution
		{9FBC3B5E-4010-4CC0-8AAD-3C11D9956806}.Debug|Any CPU.ActiveCfg = Debug|Any CPU
		{9FBC3B5E-4010-4CC0-8AAD-3C11D9956806}.Debug|Any CPU.Build.0 = Debug|Any CPU
		{9FBC3B5E-4010-4CC0-8AAD-3C11D9956806}.Release|Any CPU.ActiveCfg = Release|Any CPU
		{9FBC3B5E-4010-4CC0-8AAD-3C11D9956806}.Release|Any CPU.Build.0 = Release|Any CPU
	EndGlobalSection
	GlobalSection(SolutionProperties) = preSolution
		HideSolutionNode = FALSE
	EndGlobalSection
	GlobalSection(ExtensibilityGlobals) = postSolution
		SolutionGuid = {CD331757-ADA8-4303-9858-C602CEB4FA38}
	EndGlobalSection
EndGlobal
